
Microsoft Visual Studio Solution File, Format Version 12.00
# Visual Studio Version 17
VisualStudioVersion = 17.8.34004.107
MinimumVisualStudioVersion = 10.0.40219.1
Project("{8BC9CEB8-8B4A-11D0-8D11-00A0C91BC942}") = "c7&9.13", "c7&9.13\c7&9.13.vcxproj", "{E31CF564-C2ED-4A8F-881F-79604BF8CECB}"
EndProject
Global
	GlobalSection(SolutionConfigurationPlatforms) = preSolution
		Debug|x64 = Debug|x64
		Debug|x86 = Debug|x86
		Release|x64 = Release|x64
		Release|x86 = Release|x86
	EndGlobalSection
	GlobalSection(ProjectConfigurationPlatforms) = postSolution
		{E31CF564-C2ED-4A8F-881F-79604BF8CECB}.Debug|x64.ActiveCfg = Debug|x64
		{E31CF564-C2ED-4A8F-881F-79604BF8CECB}.Debug|x64.Build.0 = Debug|x64
		{E31CF564-C2ED-4A8F-881F-79604BF8CECB}.Debug|x86.ActiveCfg = Debug|Win32
		{E31CF564-C2ED-4A8F-881F-79604BF8CECB}.Debug|x86.Build.0 = Debug|Win32
		{E31CF564-C2ED-4A8F-881F-79604BF8CECB}.Release|x64.ActiveCfg = Release|x64
		{E31CF564-C2ED-4A8F-881F-79604BF8CECB}.Release|x64.Build.0 = Release|x64
		{E31CF564-C2ED-4A8F-881F-79604BF8CECB}.Release|x86.ActiveCfg = Release|Win32
		{E31CF564-C2ED-4A8F-881F-79604BF8CECB}.Release|x86.Build.0 = Release|Win32
	EndGlobalSection
	GlobalSection(SolutionProperties) = preSolution
		HideSolutionNode = FALSE
	EndGlobalSection
	GlobalSection(ExtensibilityGlobals) = postSolution
		SolutionGuid = {5369F840-0B71-4E28-85E6-B1BDC9C65258}
	EndGlobalSection
EndGlobal
